
Microsoft Visual Studio Solution File, Format Version 12.00
# Visual Studio Version 16
VisualStudioVersion = 16.0.29020.237
MinimumVisualStudioVersion = 10.0.40219.1
Project("{9A19103F-16F7-4668-BE54-9A1E7A4F7556}") = "Uploadcare", "Uploadcare\Uploadcare.csproj", "{C5C554C2-2A12-4C12-9601-674D92179722}"
EndProject
Project("{2150E333-8FDC-42A3-9474-1A3956D46DE8}") = "Tests", "Tests", "{EE7D313C-E219-4685-BFE2-04D43BD91AB6}"
EndProject
Project("{FAE04EC0-301F-11D3-BF4B-00C04F79EFBC}") = "Uploadcare.Tests", "Uploadcare.Tests\Uploadcare.Tests.csproj", "{970BAC77-C4CF-44A6-9E1D-43493D93CE08}"
EndProject
Global
	GlobalSection(SolutionConfigurationPlatforms) = preSolution
		Debug|Any CPU = Debug|Any CPU
		Release|Any CPU = Release|Any CPU
	EndGlobalSection
	GlobalSection(ProjectConfigurationPlatforms) = postSolution
		{C5C554C2-2A12-4C12-9601-674D92179722}.Debug|Any CPU.ActiveCfg = Debug|Any CPU
		{C5C554C2-2A12-4C12-9601-674D92179722}.Debug|Any CPU.Build.0 = Debug|Any CPU
		{C5C554C2-2A12-4C12-9601-674D92179722}.Release|Any CPU.ActiveCfg = Release|Any CPU
		{C5C554C2-2A12-4C12-9601-674D92179722}.Release|Any CPU.Build.0 = Release|Any CPU
		{970BAC77-C4CF-44A6-9E1D-43493D93CE08}.Debug|Any CPU.ActiveCfg = Debug|Any CPU
		{970BAC77-C4CF-44A6-9E1D-43493D93CE08}.Debug|Any CPU.Build.0 = Debug|Any CPU
		{970BAC77-C4CF-44A6-9E1D-43493D93CE08}.Release|Any CPU.ActiveCfg = Release|Any CPU
		{970BAC77-C4CF-44A6-9E1D-43493D93CE08}.Release|Any CPU.Build.0 = Release|Any CPU
	EndGlobalSection
	GlobalSection(SolutionProperties) = preSolution
		HideSolutionNode = FALSE
	EndGlobalSection
	GlobalSection(NestedProjects) = preSolution
		{970BAC77-C4CF-44A6-9E1D-43493D93CE08} = {EE7D313C-E219-4685-BFE2-04D43BD91AB6}
	EndGlobalSection
	GlobalSection(ExtensibilityGlobals) = postSolution
		SolutionGuid = {CD8200F6-9015-4411-94BD-E9A3939ACD67}
	EndGlobalSection
EndGlobal
